{
  "name": "@yarbsemaj/adapter-lambda",
  "version": "0.2.0",
  "lockfileVersion": 1,
  "requires": true,
  "dependencies": {
    "esbuild": {
      "version": "0.10.1",
      "resolved": "https://registry.npmjs.org/esbuild/-/esbuild-0.10.1.tgz",
      "integrity": "sha512-JSZpNt0sCb5KtUwHR3ddTY7T85xwasbqrVbxJ57iFOR00dCeD/HwAqIsUSXR1O9Nnt4z/7oWLasUCgBnhBFcdg=="
    }
  }
}
